
Microsoft Visual Studio Solution File, Format Version 11.00
# Visual C# Express 2010
Project("{FAE04EC0-301F-11D3-BF4B-00C04F79EFBC}") = "TestPizza", "Exercise 1\TestPizza.csproj", "{FF8B1025-68D4-44D8-840C-15B6367BB8A5}"
EndProject
Project("{FAE04EC0-301F-11D3-BF4B-00C04F79EFBC}") = "DisplayHousePlants", "HousePlant\DisplayHousePlants.csproj", "{0D601F9F-5623-4BDE-8F7F-3FDCE99FAED6}"
EndProject
Project("{FAE04EC0-301F-11D3-BF4B-00C04F79EFBC}") = "TestCircles", "TestCircles\TestCircles.csproj", "{AC6D3ABA-C6ED-4F76-9C3D-EE2F1F901159}"
EndProject
Project("{FAE04EC0-301F-11D3-BF4B-00C04F79EFBC}") = "DemoScouts", "DemoScouts\DemoScouts.csproj", "{C6E7D665-48A4-46E3-92CA-494C33F31BF3}"
EndProject
Project("{FAE04EC0-301F-11D3-BF4B-00C04F79EFBC}") = "SchoolsDemo", "SchoolsDemo\SchoolsDemo.csproj", "{3AD5E953-AB0B-4357-878A-1A7442AA4302}"
EndProject
Project("{FAE04EC0-301F-11D3-BF4B-00C04F79EFBC}") = "FriendList", "FriendList\FriendList.csproj", "{38B0E587-E4B6-4BF2-9E27-CD15101A9626}"
EndProject
Global
	GlobalSection(SolutionConfigurationPlatforms) = preSolution
		Debug|x86 = Debug|x86
		Release|x86 = Release|x86
	EndGlobalSection
	GlobalSection(ProjectConfigurationPlatforms) = postSolution
		{FF8B1025-68D4-44D8-840C-15B6367BB8A5}.Debug|x86.ActiveCfg = Debug|x86
		{FF8B1025-68D4-44D8-840C-15B6367BB8A5}.Debug|x86.Build.0 = Debug|x86
		{FF8B1025-68D4-44D8-840C-15B6367BB8A5}.Release|x86.ActiveCfg = Release|x86
		{FF8B1025-68D4-44D8-840C-15B6367BB8A5}.Release|x86.Build.0 = Release|x86
		{0D601F9F-5623-4BDE-8F7F-3FDCE99FAED6}.Debug|x86.ActiveCfg = Debug|x86
		{0D601F9F-5623-4BDE-8F7F-3FDCE99FAED6}.Debug|x86.Build.0 = Debug|x86
		{0D601F9F-5623-4BDE-8F7F-3FDCE99FAED6}.Release|x86.ActiveCfg = Release|x86
		{0D601F9F-5623-4BDE-8F7F-3FDCE99FAED6}.Release|x86.Build.0 = Release|x86
		{AC6D3ABA-C6ED-4F76-9C3D-EE2F1F901159}.Debug|x86.ActiveCfg = Debug|x86
		{AC6D3ABA-C6ED-4F76-9C3D-EE2F1F901159}.Debug|x86.Build.0 = Debug|x86
		{AC6D3ABA-C6ED-4F76-9C3D-EE2F1F901159}.Release|x86.ActiveCfg = Release|x86
		{AC6D3ABA-C6ED-4F76-9C3D-EE2F1F901159}.Release|x86.Build.0 = Release|x86
		{C6E7D665-48A4-46E3-92CA-494C33F31BF3}.Debug|x86.ActiveCfg = Debug|x86
		{C6E7D665-48A4-46E3-92CA-494C33F31BF3}.Debug|x86.Build.0 = Debug|x86
		{C6E7D665-48A4-46E3-92CA-494C33F31BF3}.Release|x86.ActiveCfg = Release|x86
		{C6E7D665-48A4-46E3-92CA-494C33F31BF3}.Release|x86.Build.0 = Release|x86
		{3AD5E953-AB0B-4357-878A-1A7442AA4302}.Debug|x86.ActiveCfg = Debug|x86
		{3AD5E953-AB0B-4357-878A-1A7442AA4302}.Debug|x86.Build.0 = Debug|x86
		{3AD5E953-AB0B-4357-878A-1A7442AA4302}.Release|x86.ActiveCfg = Release|x86
		{3AD5E953-AB0B-4357-878A-1A7442AA4302}.Release|x86.Build.0 = Release|x86
		{38B0E587-E4B6-4BF2-9E27-CD15101A9626}.Debug|x86.ActiveCfg = Debug|x86
		{38B0E587-E4B6-4BF2-9E27-CD15101A9626}.Debug|x86.Build.0 = Debug|x86
		{38B0E587-E4B6-4BF2-9E27-CD15101A9626}.Release|x86.ActiveCfg = Release|x86
		{38B0E587-E4B6-4BF2-9E27-CD15101A9626}.Release|x86.Build.0 = Release|x86
	EndGlobalSection
	GlobalSection(SolutionProperties) = preSolution
		HideSolutionNode = FALSE
	EndGlobalSection
EndGlobal
